
Microsoft Visual Studio Solution File, Format Version 12.00
# Visual Studio Version 17
VisualStudioVersion = 17.8.34525.116
MinimumVisualStudioVersion = 10.0.40219.1
Project("{9A19103F-16F7-4668-BE54-9A1E7A4F7556}") = "NameSorter", "NameSorter\NameSorter.csproj", "{F7759942-D227-4B10-9BD0-1C865A3A627C}"
EndProject
Project("{9A19103F-16F7-4668-BE54-9A1E7A4F7556}") = "NameSorter.UnitTests", "NameSorter.UnitTests\NameSorter.UnitTests.csproj", "{5C54FDB6-0D70-4469-9660-4D93A00D9646}"
EndProject
Project("{2150E333-8FDC-42A3-9474-1A3956D46DE8}") = "Solution Items", "Solution Items", "{6823A280-C62D-47FC-9E85-E288D98ED40B}"
	ProjectSection(SolutionItems) = preProject
		.gitignore = .gitignore
		.github\workflows\build.yml = .github\workflows\build.yml
		README.md = README.md
	EndProjectSection
EndProject
Global
	GlobalSection(SolutionConfigurationPlatforms) = preSolution
		Debug|Any CPU = Debug|Any CPU
		Release|Any CPU = Release|Any CPU
	EndGlobalSection
	GlobalSection(ProjectConfigurationPlatforms) = postSolution
		{F7759942-D227-4B10-9BD0-1C865A3A627C}.Debug|Any CPU.ActiveCfg = Debug|Any CPU
		{F7759942-D227-4B10-9BD0-1C865A3A627C}.Debug|Any CPU.Build.0 = Debug|Any CPU
		{F7759942-D227-4B10-9BD0-1C865A3A627C}.Release|Any CPU.ActiveCfg = Release|Any CPU
		{F7759942-D227-4B10-9BD0-1C865A3A627C}.Release|Any CPU.Build.0 = Release|Any CPU
		{5C54FDB6-0D70-4469-9660-4D93A00D9646}.Debug|Any CPU.ActiveCfg = Debug|Any CPU
		{5C54FDB6-0D70-4469-9660-4D93A00D9646}.Debug|Any CPU.Build.0 = Debug|Any CPU
		{5C54FDB6-0D70-4469-9660-4D93A00D9646}.Release|Any CPU.ActiveCfg = Release|Any CPU
		{5C54FDB6-0D70-4469-9660-4D93A00D9646}.Release|Any CPU.Build.0 = Release|Any CPU
	EndGlobalSection
	GlobalSection(SolutionProperties) = preSolution
		HideSolutionNode = FALSE
	EndGlobalSection
	GlobalSection(ExtensibilityGlobals) = postSolution
		SolutionGuid = {E999B8A2-083A-4543-B0EE-2DD6662AC2BD}
	EndGlobalSection
EndGlobal
